
Microsoft Visual Studio Solution File, Format Version 12.00
# Visual Studio Version 17
VisualStudioVersion = 17.2.32526.322
MinimumVisualStudioVersion = 10.0.40219.1
Project("{9A19103F-16F7-4668-BE54-9A1E7A4F7556}") = "AzServiceBusAdministration", "AzServiceBusAdministration\AzServiceBusAdministration.csproj", "{FDCE0BCA-351A-4911-A667-04166BBD4B14}"
EndProject
Project("{2150E333-8FDC-42A3-9474-1A3956D46DE8}") = "QueueSendReceive", "QueueSendReceive", "{AEB47385-03DA-48BF-A19F-FF06294F6656}"
EndProject
Project("{9A19103F-16F7-4668-BE54-9A1E7A4F7556}") = "QueueSenderConsole", "QueueSenderConsole\QueueSenderConsole.csproj", "{2DB0F23C-8CFD-4D27-AE0C-F55B3D3A9B5C}"
EndProject
Project("{9A19103F-16F7-4668-BE54-9A1E7A4F7556}") = "QueueReceiverConsole", "QueueReceiverConsole\QueueReceiverConsole.csproj", "{2F8BD3F9-30AE-42C4-8B70-D62E5E76B427}"
EndProject
Project("{9A19103F-16F7-4668-BE54-9A1E7A4F7556}") = "ServiceBusTopicChat", "ServiceBusTopicChat\ServiceBusTopicChat.csproj", "{3F429653-9225-4E72-8DEC-3C0637AB2E1B}"
EndProject
Project("{2150E333-8FDC-42A3-9474-1A3956D46DE8}") = "WorkingWithMessages", "WorkingWithMessages", "{928E438D-CFBE-4B6F-BD41-ACDC3A8AD44A}"
EndProject
Project("{9A19103F-16F7-4668-BE54-9A1E7A4F7556}") = "WorkingWithMessages.MessageEntities", "WorkingWithMessages.MessageEntities\WorkingWithMessages.MessageEntities.csproj", "{D1D349DD-2032-405F-A854-31A683108DF3}"
EndProject
Project("{9A19103F-16F7-4668-BE54-9A1E7A4F7556}") = "WorkingWithMessages.Sender", "WorkingWithMessages.Sender\WorkingWithMessages.Sender.csproj", "{46BD03D6-2F52-4081-8D61-BB26C2617050}"
EndProject
Project("{9A19103F-16F7-4668-BE54-9A1E7A4F7556}") = "WorkingWithMessages.Receiver", "WorkingWithMessages.Receiver\WorkingWithMessages.Receiver.csproj", "{A6647740-0B81-4720-9B69-ADD29BD39939}"
EndProject
Project("{9A19103F-16F7-4668-BE54-9A1E7A4F7556}") = "WorkingWithMessages.Config", "WorkingWithMessages.Config\WorkingWithMessages.Config.csproj", "{519C14ED-9F4E-4E7B-A5FE-2AEF1FE176FC}"
EndProject
Project("{2150E333-8FDC-42A3-9474-1A3956D46DE8}") = "DuplicateDetection", "DuplicateDetection", "{485CE281-7683-4734-A1DD-2D87AC660B1E}"
EndProject
Project("{2150E333-8FDC-42A3-9474-1A3956D46DE8}") = "SubscriptionRules", "SubscriptionRules", "{FCBA0DD2-FCAD-4D8D-8015-523BDEB29C01}"
EndProject
Project("{9A19103F-16F7-4668-BE54-9A1E7A4F7556}") = "TopicsAndSubscriptions", "TopicsAndSubscriptions\TopicsAndSubscriptions.csproj", "{1112D652-D40A-48D5-8696-C0D623F3D24A}"
EndProject
Project("{FAE04EC0-301F-11D3-BF4B-00C04F79EFBC}") = "TopicsAndSubscriptions.WireTap", "TopicsAndSubscriptions.WireTap\TopicsAndSubscriptions.WireTap.csproj", "{E156C5CF-9C22-461B-B446-82EB2E4D7E0F}"
EndProject
Global
	GlobalSection(SolutionConfigurationPlatforms) = preSolution
		Debug|Any CPU = Debug|Any CPU
		Release|Any CPU = Release|Any CPU
	EndGlobalSection
	GlobalSection(ProjectConfigurationPlatforms) = postSolution
		{FDCE0BCA-351A-4911-A667-04166BBD4B14}.Debug|Any CPU.ActiveCfg = Debug|Any CPU
		{FDCE0BCA-351A-4911-A667-04166BBD4B14}.Debug|Any CPU.Build.0 = Debug|Any CPU
		{FDCE0BCA-351A-4911-A667-04166BBD4B14}.Release|Any CPU.ActiveCfg = Release|Any CPU
		{FDCE0BCA-351A-4911-A667-04166BBD4B14}.Release|Any CPU.Build.0 = Release|Any CPU
		{2DB0F23C-8CFD-4D27-AE0C-F55B3D3A9B5C}.Debug|Any CPU.ActiveCfg = Debug|Any CPU
		{2DB0F23C-8CFD-4D27-AE0C-F55B3D3A9B5C}.Debug|Any CPU.Build.0 = Debug|Any CPU
		{2DB0F23C-8CFD-4D27-AE0C-F55B3D3A9B5C}.Release|Any CPU.ActiveCfg = Release|Any CPU
		{2DB0F23C-8CFD-4D27-AE0C-F55B3D3A9B5C}.Release|Any CPU.Build.0 = Release|Any CPU
		{2F8BD3F9-30AE-42C4-8B70-D62E5E76B427}.Debug|Any CPU.ActiveCfg = Debug|Any CPU
		{2F8BD3F9-30AE-42C4-8B70-D62E5E76B427}.Debug|Any CPU.Build.0 = Debug|Any CPU
		{2F8BD3F9-30AE-42C4-8B70-D62E5E76B427}.Release|Any CPU.ActiveCfg = Release|Any CPU
		{2F8BD3F9-30AE-42C4-8B70-D62E5E76B427}.Release|Any CPU.Build.0 = Release|Any CPU
		{3F429653-9225-4E72-8DEC-3C0637AB2E1B}.Debug|Any CPU.ActiveCfg = Debug|Any CPU
		{3F429653-9225-4E72-8DEC-3C0637AB2E1B}.Debug|Any CPU.Build.0 = Debug|Any CPU
		{3F429653-9225-4E72-8DEC-3C0637AB2E1B}.Release|Any CPU.ActiveCfg = Release|Any CPU
		{3F429653-9225-4E72-8DEC-3C0637AB2E1B}.Release|Any CPU.Build.0 = Release|Any CPU
		{D1D349DD-2032-405F-A854-31A683108DF3}.Debug|Any CPU.ActiveCfg = Debug|Any CPU
		{D1D349DD-2032-405F-A854-31A683108DF3}.Debug|Any CPU.Build.0 = Debug|Any CPU
		{D1D349DD-2032-405F-A854-31A683108DF3}.Release|Any CPU.ActiveCfg = Release|Any CPU
		{D1D349DD-2032-405F-A854-31A683108DF3}.Release|Any CPU.Build.0 = Release|Any CPU
		{46BD03D6-2F52-4081-8D61-BB26C2617050}.Debug|Any CPU.ActiveCfg = Debug|Any CPU
		{46BD03D6-2F52-4081-8D61-BB26C2617050}.Debug|Any CPU.Build.0 = Debug|Any CPU
		{46BD03D6-2F52-4081-8D61-BB26C2617050}.Release|Any CPU.ActiveCfg = Release|Any CPU
		{46BD03D6-2F52-4081-8D61-BB26C2617050}.Release|Any CPU.Build.0 = Release|Any CPU
		{A6647740-0B81-4720-9B69-ADD29BD39939}.Debug|Any CPU.ActiveCfg = Debug|Any CPU
		{A6647740-0B81-4720-9B69-ADD29BD39939}.Debug|Any CPU.Build.0 = Debug|Any CPU
		{A6647740-0B81-4720-9B69-ADD29BD39939}.Release|Any CPU.ActiveCfg = Release|Any CPU
		{A6647740-0B81-4720-9B69-ADD29BD39939}.Release|Any CPU.Build.0 = Release|Any CPU
		{519C14ED-9F4E-4E7B-A5FE-2AEF1FE176FC}.Debug|Any CPU.ActiveCfg = Debug|Any CPU
		{519C14ED-9F4E-4E7B-A5FE-2AEF1FE176FC}.Debug|Any CPU.Build.0 = Debug|Any CPU
		{519C14ED-9F4E-4E7B-A5FE-2AEF1FE176FC}.Release|Any CPU.ActiveCfg = Release|Any CPU
		{519C14ED-9F4E-4E7B-A5FE-2AEF1FE176FC}.Release|Any CPU.Build.0 = Release|Any CPU
		{1112D652-D40A-48D5-8696-C0D623F3D24A}.Debug|Any CPU.ActiveCfg = Debug|Any CPU
		{1112D652-D40A-48D5-8696-C0D623F3D24A}.Debug|Any CPU.Build.0 = Debug|Any CPU
		{1112D652-D40A-48D5-8696-C0D623F3D24A}.Release|Any CPU.ActiveCfg = Release|Any CPU
		{1112D652-D40A-48D5-8696-C0D623F3D24A}.Release|Any CPU.Build.0 = Release|Any CPU
		{E156C5CF-9C22-461B-B446-82EB2E4D7E0F}.Debug|Any CPU.ActiveCfg = Debug|Any CPU
		{E156C5CF-9C22-461B-B446-82EB2E4D7E0F}.Debug|Any CPU.Build.0 = Debug|Any CPU
		{E156C5CF-9C22-461B-B446-82EB2E4D7E0F}.Release|Any CPU.ActiveCfg = Release|Any CPU
		{E156C5CF-9C22-461B-B446-82EB2E4D7E0F}.Release|Any CPU.Build.0 = Release|Any CPU
	EndGlobalSection
	GlobalSection(SolutionProperties) = preSolution
		HideSolutionNode = FALSE
	EndGlobalSection
	GlobalSection(NestedProjects) = preSolution
		{2DB0F23C-8CFD-4D27-AE0C-F55B3D3A9B5C} = {AEB47385-03DA-48BF-A19F-FF06294F6656}
		{2F8BD3F9-30AE-42C4-8B70-D62E5E76B427} = {AEB47385-03DA-48BF-A19F-FF06294F6656}
		{D1D349DD-2032-405F-A854-31A683108DF3} = {928E438D-CFBE-4B6F-BD41-ACDC3A8AD44A}
		{46BD03D6-2F52-4081-8D61-BB26C2617050} = {928E438D-CFBE-4B6F-BD41-ACDC3A8AD44A}
		{A6647740-0B81-4720-9B69-ADD29BD39939} = {928E438D-CFBE-4B6F-BD41-ACDC3A8AD44A}
		{519C14ED-9F4E-4E7B-A5FE-2AEF1FE176FC} = {928E438D-CFBE-4B6F-BD41-ACDC3A8AD44A}
		{1112D652-D40A-48D5-8696-C0D623F3D24A} = {FCBA0DD2-FCAD-4D8D-8015-523BDEB29C01}
		{E156C5CF-9C22-461B-B446-82EB2E4D7E0F} = {FCBA0DD2-FCAD-4D8D-8015-523BDEB29C01}
	EndGlobalSection
	GlobalSection(ExtensibilityGlobals) = postSolution
		SolutionGuid = {BBB8DFFB-EAE9-4D3D-B217-1B21764FD386}
	EndGlobalSection
EndGlobal
