
Microsoft Visual Studio Solution File, Format Version 12.00
# Visual Studio Version 17
VisualStudioVersion = 17.2.32526.322
MinimumVisualStudioVersion = 10.0.40219.1
Project("{9A19103F-16F7-4668-BE54-9A1E7A4F7556}") = "AzServiceBusAdministration", "AzServiceBusAdministration\AzServiceBusAdministration.csproj", "{FDCE0BCA-351A-4911-A667-04166BBD4B14}"
EndProject
Project("{2150E333-8FDC-42A3-9474-1A3956D46DE8}") = "QueueSendReceive", "QueueSendReceive", "{AEB47385-03DA-48BF-A19F-FF06294F6656}"
EndProject
Project("{9A19103F-16F7-4668-BE54-9A1E7A4F7556}") = "QueueSenderConsole", "QueueSenderConsole\QueueSenderConsole.csproj", "{2DB0F23C-8CFD-4D27-AE0C-F55B3D3A9B5C}"
EndProject
Project("{9A19103F-16F7-4668-BE54-9A1E7A4F7556}") = "QueueReceiverConsole", "QueueReceiverConsole\QueueReceiverConsole.csproj", "{2F8BD3F9-30AE-42C4-8B70-D62E5E76B427}"
EndProject
Project("{FAE04EC0-301F-11D3-BF4B-00C04F79EFBC}") = "ServiceBusTopicChat", "ServiceBusTopicChat\ServiceBusTopicChat.csproj", "{3F429653-9225-4E72-8DEC-3C0637AB2E1B}"
EndProject
Global
	GlobalSection(SolutionConfigurationPlatforms) = preSolution
		Debug|Any CPU = Debug|Any CPU
		Release|Any CPU = Release|Any CPU
	EndGlobalSection
	GlobalSection(ProjectConfigurationPlatforms) = postSolution
		{FDCE0BCA-351A-4911-A667-04166BBD4B14}.Debug|Any CPU.ActiveCfg = Debug|Any CPU
		{FDCE0BCA-351A-4911-A667-04166BBD4B14}.Debug|Any CPU.Build.0 = Debug|Any CPU
		{FDCE0BCA-351A-4911-A667-04166BBD4B14}.Release|Any CPU.ActiveCfg = Release|Any CPU
		{FDCE0BCA-351A-4911-A667-04166BBD4B14}.Release|Any CPU.Build.0 = Release|Any CPU
		{2DB0F23C-8CFD-4D27-AE0C-F55B3D3A9B5C}.Debug|Any CPU.ActiveCfg = Debug|Any CPU
		{2DB0F23C-8CFD-4D27-AE0C-F55B3D3A9B5C}.Debug|Any CPU.Build.0 = Debug|Any CPU
		{2DB0F23C-8CFD-4D27-AE0C-F55B3D3A9B5C}.Release|Any CPU.ActiveCfg = Release|Any CPU
		{2DB0F23C-8CFD-4D27-AE0C-F55B3D3A9B5C}.Release|Any CPU.Build.0 = Release|Any CPU
		{2F8BD3F9-30AE-42C4-8B70-D62E5E76B427}.Debug|Any CPU.ActiveCfg = Debug|Any CPU
		{2F8BD3F9-30AE-42C4-8B70-D62E5E76B427}.Debug|Any CPU.Build.0 = Debug|Any CPU
		{2F8BD3F9-30AE-42C4-8B70-D62E5E76B427}.Release|Any CPU.ActiveCfg = Release|Any CPU
		{2F8BD3F9-30AE-42C4-8B70-D62E5E76B427}.Release|Any CPU.Build.0 = Release|Any CPU
		{3F429653-9225-4E72-8DEC-3C0637AB2E1B}.Debug|Any CPU.ActiveCfg = Debug|Any CPU
		{3F429653-9225-4E72-8DEC-3C0637AB2E1B}.Debug|Any CPU.Build.0 = Debug|Any CPU
		{3F429653-9225-4E72-8DEC-3C0637AB2E1B}.Release|Any CPU.ActiveCfg = Release|Any CPU
		{3F429653-9225-4E72-8DEC-3C0637AB2E1B}.Release|Any CPU.Build.0 = Release|Any CPU
	EndGlobalSection
	GlobalSection(SolutionProperties) = preSolution
		HideSolutionNode = FALSE
	EndGlobalSection
	GlobalSection(NestedProjects) = preSolution
		{2DB0F23C-8CFD-4D27-AE0C-F55B3D3A9B5C} = {AEB47385-03DA-48BF-A19F-FF06294F6656}
		{2F8BD3F9-30AE-42C4-8B70-D62E5E76B427} = {AEB47385-03DA-48BF-A19F-FF06294F6656}
	EndGlobalSection
	GlobalSection(ExtensibilityGlobals) = postSolution
		SolutionGuid = {BBB8DFFB-EAE9-4D3D-B217-1B21764FD386}
	EndGlobalSection
EndGlobal
